
Microsoft Visual Studio Solution File, Format Version 12.00
# Visual Studio Version 17
VisualStudioVersion = 17.3.32922.545
MinimumVisualStudioVersion = 10.0.40219.1
Project("{FAE04EC0-301F-11D3-BF4B-00C04F79EFBC}") = "OpenTK", "OpenTK\OpenTK.csproj", "{064C4AF1-D1FD-4F18-AA5D-6CE9BEB84610}"
EndProject
Global
	GlobalSection(SolutionConfigurationPlatforms) = preSolution
		Debug|Any CPU = Debug|Any CPU
		Release|Any CPU = Release|Any CPU
	EndGlobalSection
	GlobalSection(ProjectConfigurationPlatforms) = postSolution
		{064C4AF1-D1FD-4F18-AA5D-6CE9BEB84610}.Debug|Any CPU.ActiveCfg = Debug|Any CPU
		{064C4AF1-D1FD-4F18-AA5D-6CE9BEB84610}.Debug|Any CPU.Build.0 = Debug|Any CPU
		{064C4AF1-D1FD-4F18-AA5D-6CE9BEB84610}.Release|Any CPU.ActiveCfg = Release|Any CPU
		{064C4AF1-D1FD-4F18-AA5D-6CE9BEB84610}.Release|Any CPU.Build.0 = Release|Any CPU
	EndGlobalSection
	GlobalSection(SolutionProperties) = preSolution
		HideSolutionNode = FALSE
	EndGlobalSection
	GlobalSection(ExtensibilityGlobals) = postSolution
		SolutionGuid = {B72CA441-6F76-4388-B493-8759DA6A0A66}
	EndGlobalSection
EndGlobal
